
Microsoft Visual Studio Solution File, Format Version 12.00
# Visual Studio Version 16
VisualStudioVersion = 16.0.29613.14
MinimumVisualStudioVersion = 10.0.40219.1
Project("{FAE04EC0-301F-11D3-BF4B-00C04F79EFBC}") = "SampleMVCApp", "SampleMVCApp\SampleMVCApp.csproj", "{6B3B7E08-0889-4961-B89B-97C8D97D1EFF}"
EndProject
Global
	GlobalSection(SolutionConfigurationPlatforms) = preSolution
		Debug|Any CPU = Debug|Any CPU
		Release|Any CPU = Release|Any CPU
	EndGlobalSection
	GlobalSection(ProjectConfigurationPlatforms) = postSolution
		{6B3B7E08-0889-4961-B89B-97C8D97D1EFF}.Debug|Any CPU.ActiveCfg = Debug|Any CPU
		{6B3B7E08-0889-4961-B89B-97C8D97D1EFF}.Debug|Any CPU.Build.0 = Debug|Any CPU
		{6B3B7E08-0889-4961-B89B-97C8D97D1EFF}.Release|Any CPU.ActiveCfg = Release|Any CPU
		{6B3B7E08-0889-4961-B89B-97C8D97D1EFF}.Release|Any CPU.Build.0 = Release|Any CPU
	EndGlobalSection
	GlobalSection(SolutionProperties) = preSolution
		HideSolutionNode = FALSE
	EndGlobalSection
	GlobalSection(ExtensibilityGlobals) = postSolution
		SolutionGuid = {D21B42CB-FEFD-4E57-B5EB-B1D4579C8E48}
	EndGlobalSection
EndGlobal
